// !$*UTF8*$!
{
	archiveVersion = 1;
	classes = {
	};
	objectVersion = 56;
	objects = {

/* Begin PBXBuildFile section */
		3C7D278B2AE4C41900FADEA1 /* Crew.swift in Sources */ = {isa = PBXBuildFile; fileRef = 3C7D278A2AE4C41900FADEA1 /* Crew.swift */; };
		3C7D278D2AE59F6600FADEA1 /* ListMainView.swift in Sources */ = {isa = PBXBuildFile; fileRef = 3C7D278C2AE59F6600FADEA1 /* ListMainView.swift */; };
		3C7D27912AE76C0B00FADEA1 /* GridLayoutView.swift in Sources */ = {isa = PBXBuildFile; fileRef = 3C7D27902AE76C0B00FADEA1 /* GridLayoutView.swift */; };
		3CB55F932AD77AF100383539 /* MoonshotApp.swift in Sources */ = {isa = PBXBuildFile; fileRef = 3CB55F922AD77AF100383539 /* MoonshotApp.swift */; };
		3CB55F952AD77AF100383539 /* ContentView.swift in Sources */ = {isa = PBXBuildFile; fileRef = 3CB55F942AD77AF100383539 /* ContentView.swift */; };
		3CB55F972AD77AF200383539 /* Assets.xcassets in Resources */ = {isa = PBXBuildFile; fileRef = 3CB55F962AD77AF200383539 /* Assets.xcassets */; };
		3CB55F9A2AD77AF200383539 /* Preview Assets.xcassets in Resources */ = {isa = PBXBuildFile; fileRef = 3CB55F992AD77AF200383539 /* Preview Assets.xcassets */; };
		3CB55FA42AE3778F00383539 /* astronauts.json in Resources */ = {isa = PBXBuildFile; fileRef = 3CB55FA22AE3778F00383539 /* astronauts.json */; };
		3CB55FA52AE3778F00383539 /* missions.json in Resources */ = {isa = PBXBuildFile; fileRef = 3CB55FA32AE3778F00383539 /* missions.json */; };
		3CB55FA72AE3782600383539 /* Astronaut.swift in Sources */ = {isa = PBXBuildFile; fileRef = 3CB55FA62AE3782600383539 /* Astronaut.swift */; };
		3CB55FA92AE378B800383539 /* Bundle-Decodable.swift in Sources */ = {isa = PBXBuildFile; fileRef = 3CB55FA82AE378B800383539 /* Bundle-Decodable.swift */; };
		3CB55FAB2AE3836100383539 /* Mission.swift in Sources */ = {isa = PBXBuildFile; fileRef = 3CB55FAA2AE3836100383539 /* Mission.swift */; };
		3CB55FAD2AE38AAC00383539 /* Color-theme.swift in Sources */ = {isa = PBXBuildFile; fileRef = 3CB55FAC2AE38AAC00383539 /* Color-theme.swift */; };
		3CB55FB12AE3909E00383539 /* MissionView.swift in Sources */ = {isa = PBXBuildFile; fileRef = 3CB55FB02AE3909E00383539 /* MissionView.swift */; };
		3CB55FB32AE3A01300383539 /* AstronautView.swift in Sources */ = {isa = PBXBuildFile; fileRef = 3CB55FB22AE3A01300383539 /* AstronautView.swift */; };
/* End PBXBuildFile section */

/* Begin PBXFileReference section */
		3C7D278A2AE4C41900FADEA1 /* Crew.swift */ = {isa = PBXFileReference; lastKnownFileType = sourcecode.swift; path = Crew.swift; sourceTree = "<group>"; };
		3C7D278C2AE59F6600FADEA1 /* ListMainView.swift */ = {isa = PBXFileReference; lastKnownFileType = sourcecode.swift; path = ListMainView.swift; sourceTree = "<group>"; };
		3C7D27902AE76C0B00FADEA1 /* GridLayoutView.swift */ = {isa = PBXFileReference; lastKnownFileType = sourcecode.swift; path = GridLayoutView.swift; sourceTree = "<group>"; };
		3CB55F8F2AD77AF100383539 /* Moonshot.app */ = {isa = PBXFileReference; explicitFileType = wrapper.application; includeInIndex = 0; path = Moonshot.app; sourceTree = BUILT_PRODUCTS_DIR; };
		3CB55F922AD77AF100383539 /* MoonshotApp.swift */ = {isa = PBXFileReference; lastKnownFileType = sourcecode.swift; path = MoonshotApp.swift; sourceTree = "<group>"; };
		3CB55F942AD77AF100383539 /* ContentView.swift */ = {isa = PBXFileReference; lastKnownFileType = sourcecode.swift; path = ContentView.swift; sourceTree = "<group>"; };
		3CB55F962AD77AF200383539 /* Assets.xcassets */ = {isa = PBXFileReference; lastKnownFileType = folder.assetcatalog; path = Assets.xcassets; sourceTree = "<group>"; };
		3CB55F992AD77AF200383539 /* Preview Assets.xcassets */ = {isa = PBXFileReference; lastKnownFileType = folder.assetcatalog; path = "Preview Assets.xcassets"; sourceTree = "<group>"; };
		3CB55FA22AE3778F00383539 /* astronauts.json */ = {isa = PBXFileReference; fileEncoding = 4; lastKnownFileType = text.json; path = astronauts.json; sourceTree = "<group>"; };
		3CB55FA32AE3778F00383539 /* missions.json */ = {isa = PBXFileReference; fileEncoding = 4; lastKnownFileType = text.json; path = missions.json; sourceTree = "<group>"; };
		3CB55FA62AE3782600383539 /* Astronaut.swift */ = {isa = PBXFileReference; lastKnownFileType = sourcecode.swift; path = Astronaut.swift; sourceTree = "<group>"; };
		3CB55FA82AE378B800383539 /* Bundle-Decodable.swift */ = {isa = PBXFileReference; lastKnownFileType = sourcecode.swift; path = "Bundle-Decodable.swift"; sourceTree = "<group>"; };
		3CB55FAA2AE3836100383539 /* Mission.swift */ = {isa = PBXFileReference; lastKnownFileType = sourcecode.swift; path = Mission.swift; sourceTree = "<group>"; };
		3CB55FAC2AE38AAC00383539 /* Color-theme.swift */ = {isa = PBXFileReference; lastKnownFileType = sourcecode.swift; path = "Color-theme.swift"; sourceTree = "<group>"; };
		3CB55FB02AE3909E00383539 /* MissionView.swift */ = {isa = PBXFileReference; lastKnownFileType = sourcecode.swift; path = MissionView.swift; sourceTree = "<group>"; };
		3CB55FB22AE3A01300383539 /* AstronautView.swift */ = {isa = PBXFileReference; lastKnownFileType = sourcecode.swift; path = AstronautView.swift; sourceTree = "<group>"; };
/* End PBXFileReference section */

/* Begin PBXFrameworksBuildPhase section */
		3CB55F8C2AD77AF100383539 /* Frameworks */ = {
			isa = PBXFrameworksBuildPhase;
			buildActionMask = 2147483647;
			files = (
			);
			runOnlyForDeploymentPostprocessing = 0;
		};
/* End PBXFrameworksBuildPhase section */

/* Begin PBXGroup section */
		3CB55F862AD77AF100383539 = {
			isa = PBXGroup;
			children = (
				3CB55F912AD77AF100383539 /* Moonshot */,
				3CB55F902AD77AF100383539 /* Products */,
			);
			sourceTree = "<group>";
		};
		3CB55F902AD77AF100383539 /* Products */ = {
			isa = PBXGroup;
			children = (
				3CB55F8F2AD77AF100383539 /* Moonshot.app */,
			);
			name = Products;
			sourceTree = "<group>";
		};
		3CB55F912AD77AF100383539 /* Moonshot */ = {
			isa = PBXGroup;
			children = (
				3CB55F922AD77AF100383539 /* MoonshotApp.swift */,
				3C7D278C2AE59F6600FADEA1 /* ListMainView.swift */,
				3CB55F942AD77AF100383539 /* ContentView.swift */,
				3C7D27902AE76C0B00FADEA1 /* GridLayoutView.swift */,
				3CB55FB02AE3909E00383539 /* MissionView.swift */,
				3C7D278A2AE4C41900FADEA1 /* Crew.swift */,
				3CB55FAC2AE38AAC00383539 /* Color-theme.swift */,
				3CB55FA62AE3782600383539 /* Astronaut.swift */,
				3CB55FB22AE3A01300383539 /* AstronautView.swift */,
				3CB55FAA2AE3836100383539 /* Mission.swift */,
				3CB55FA82AE378B800383539 /* Bundle-Decodable.swift */,
				3CB55FA22AE3778F00383539 /* astronauts.json */,
				3CB55FA32AE3778F00383539 /* missions.json */,
				3CB55F962AD77AF200383539 /* Assets.xcassets */,
				3CB55F982AD77AF200383539 /* Preview Content */,
			);
			path = Moonshot;
			sourceTree = "<group>";
		};
		3CB55F982AD77AF200383539 /* Preview Content */ = {
			isa = PBXGroup;
			children = (
				3CB55F992AD77AF200383539 /* Preview Assets.xcassets */,
			);
			path = "Preview Content";
			sourceTree = "<group>";
		};
/* End PBXGroup section */

/* Begin PBXNativeTarget section */
		3CB55F8E2AD77AF100383539 /* Moonshot */ = {
			isa = PBXNativeTarget;
			buildConfigurationList = 3CB55F9D2AD77AF200383539 /* Build configuration list for PBXNativeTarget "Moonshot" */;
			buildPhases = (
				3CB55F8B2AD77AF100383539 /* Sources */,
				3CB55F8C2AD77AF100383539 /* Frameworks */,
				3CB55F8D2AD77AF100383539 /* Resources */,
			);
			buildRules = (
			);
			dependencies = (
			);
			name = Moonshot;
			productName = Moonshot;
			productReference = 3CB55F8F2AD77AF100383539 /* Moonshot.app */;
			productType = "com.apple.product-type.application";
		};
/* End PBXNativeTarget section */

/* Begin PBXProject section */
		3CB55F872AD77AF100383539 /* Project object */ = {
			isa = PBXProject;
			attributes = {
				BuildIndependentTargetsInParallel = 1;
				LastSwiftUpdateCheck = 1500;
				LastUpgradeCheck = 1500;
				TargetAttributes = {
					3CB55F8E2AD77AF100383539 = {
						CreatedOnToolsVersion = 15.0;
					};
				};
			};
			buildConfigurationList = 3CB55F8A2AD77AF100383539 /* Build configuration list for PBXProject "Moonshot" */;
			compatibilityVersion = "Xcode 14.0";
			developmentRegion = en;
			hasScannedForEncodings = 0;
			knownRegions = (
				en,
				Base,
			);
			mainGroup = 3CB55F862AD77AF100383539;
			productRefGroup = 3CB55F902AD77AF100383539 /* Products */;
			projectDirPath = "";
			projectRoot = "";
			targets = (
				3CB55F8E2AD77AF100383539 /* Moonshot */,
			);
		};
/* End PBXProject section */

/* Begin PBXResourcesBuildPhase section */
		3CB55F8D2AD77AF100383539 /* Resources */ = {
			isa = PBXResourcesBuildPhase;
			buildActionMask = 2147483647;
			files = (
				3CB55FA42AE3778F00383539 /* astronauts.json in Resources */,
				3CB55F9A2AD77AF200383539 /* Preview Assets.xcassets in Resources */,
				3CB55FA52AE3778F00383539 /* missions.json in Resources */,
				3CB55F972AD77AF200383539 /* Assets.xcassets in Resources */,
			);
			runOnlyForDeploymentPostprocessing = 0;
		};
/* End PBXResourcesBuildPhase section */

/* Begin PBXSourcesBuildPhase section */
		3CB55F8B2AD77AF100383539 /* Sources */ = {
			isa = PBXSourcesBuildPhase;
			buildActionMask = 2147483647;
			files = (
				3CB55FB12AE3909E00383539 /* MissionView.swift in Sources */,
				3CB55FA72AE3782600383539 /* Astronaut.swift in Sources */,
				3CB55FB32AE3A01300383539 /* AstronautView.swift in Sources */,
				3CB55FAD2AE38AAC00383539 /* Color-theme.swift in Sources */,
				3CB55F952AD77AF100383539 /* ContentView.swift in Sources */,
				3CB55F932AD77AF100383539 /* MoonshotApp.swift in Sources */,
				3CB55FAB2AE3836100383539 /* Mission.swift in Sources */,
				3C7D27912AE76C0B00FADEA1 /* GridLayoutView.swift in Sources */,
				3C7D278D2AE59F6600FADEA1 /* ListMainView.swift in Sources */,
				3CB55FA92AE378B800383539 /* Bundle-Decodable.swift in Sources */,
				3C7D278B2AE4C41900FADEA1 /* Crew.swift in Sources */,
			);
			runOnlyForDeploymentPostprocessing = 0;
		};
/* End PBXSourcesBuildPhase section */

/* Begin XCBuildConfiguration section */
		3CB55F9B2AD77AF200383539 /* Debug */ = {
			isa = XCBuildConfiguration;
			buildSettings = {
				ALWAYS_SEARCH_USER_PATHS = NO;
				ASSETCATALOG_COMPILER_GENERATE_SWIFT_ASSET_SYMBOL_EXTENSIONS = YES;
				CLANG_ANALYZER_NONNULL = YES;
				CLANG_ANALYZER_NUMBER_OBJECT_CONVERSION = YES_AGGRESSIVE;
				CLANG_CXX_LANGUAGE_STANDARD = "gnu++20";
				CLANG_ENABLE_MODULES = YES;
				CLANG_ENABLE_OBJC_ARC = YES;
				CLANG_ENABLE_OBJC_WEAK = YES;
				CLANG_WARN_BLOCK_CAPTURE_AUTORELEASING = YES;
				CLANG_WARN_BOOL_CONVERSION = YES;
				CLANG_WARN_COMMA = YES;
				CLANG_WARN_CONSTANT_CONVERSION = YES;
				CLANG_WARN_DEPRECATED_OBJC_IMPLEMENTATIONS = YES;
				CLANG_WARN_DIRECT_OBJC_ISA_USAGE = YES_ERROR;
				CLANG_WARN_DOCUMENTATION_COMMENTS = YES;
				CLANG_WARN_EMPTY_BODY = YES;
				CLANG_WARN_ENUM_CONVERSION = YES;
				CLANG_WARN_INFINITE_RECURSION = YES;
				CLANG_WARN_INT_CONVERSION = YES;
				CLANG_WARN_NON_LITERAL_NULL_CONVERSION = YES;
				CLANG_WARN_OBJC_IMPLICIT_RETAIN_SELF = YES;
				CLANG_WARN_OBJC_LITERAL_CONVERSION = YES;
				CLANG_WARN_OBJC_ROOT_CLASS = YES_ERROR;
				CLANG_WARN_QUOTED_INCLUDE_IN_FRAMEWORK_HEADER = YES;
				CLANG_WARN_RANGE_LOOP_ANALYSIS = YES;
				CLANG_WARN_STRICT_PROTOTYPES = YES;
				CLANG_WARN_SUSPICIOUS_MOVE = YES;
				CLANG_WARN_UNGUARDED_AVAILABILITY = YES_AGGRESSIVE;
				CLANG_WARN_UNREACHABLE_CODE = YES;
				CLANG_WARN__DUPLICATE_METHOD_MATCH = YES;
				COPY_PHASE_STRIP = NO;
				DEBUG_INFORMATION_FORMAT = dwarf;
				ENABLE_STRICT_OBJC_MSGSEND = YES;
				ENABLE_TESTABILITY = YES;
				ENABLE_USER_SCRIPT_SANDBOXING = YES;
				GCC_C_LANGUAGE_STANDARD = gnu17;
				GCC_DYNAMIC_NO_PIC = NO;
				GCC_NO_COMMON_BLOCKS = YES;
				GCC_OPTIMIZATION_LEVEL = 0;
				GCC_PREPROCESSOR_DEFINITIONS = (
					"DEBUG=1",
					"$(inherited)",
				);
				GCC_WARN_64_TO_32_BIT_CONVERSION = YES;
				GCC_WARN_ABOUT_RETURN_TYPE = YES_ERROR;
				GCC_WARN_UNDECLARED_SELECTOR = YES;
				GCC_WARN_UNINITIALIZED_AUTOS = YES_AGGRESSIVE;
				GCC_WARN_UNUSED_FUNCTION = YES;
				GCC_WARN_UNUSED_VARIABLE = YES;
				IPHONEOS_DEPLOYMENT_TARGET = 17.0;
				LOCALIZATION_PREFERS_STRING_CATALOGS = YES;
				MTL_ENABLE_DEBUG_INFO = INCLUDE_SOURCE;
				MTL_FAST_MATH = YES;
				ONLY_ACTIVE_ARCH = YES;
				SDKROOT = iphoneos;
				SWIFT_ACTIVE_COMPILATION_CONDITIONS = "DEBUG $(inherited)";
				SWIFT_OPTIMIZATION_LEVEL = "-Onone";
			};
			name = Debug;
		};
		3CB55F9C2AD77AF200383539 /* Release */ = {
			isa = XCBuildConfiguration;
			buildSettings = {
				ALWAYS_SEARCH_USER_PATHS = NO;
				ASSETCATALOG_COMPILER_GENERATE_SWIFT_ASSET_SYMBOL_EXTENSIONS = YES;
				CLANG_ANALYZER_NONNULL = YES;
				CLANG_ANALYZER_NUMBER_OBJECT_CONVERSION = YES_AGGRESSIVE;
				CLANG_CXX_LANGUAGE_STANDARD = "gnu++20";
				CLANG_ENABLE_MODULES = YES;
				CLANG_ENABLE_OBJC_ARC = YES;
				CLANG_ENABLE_OBJC_WEAK = YES;
				CLANG_WARN_BLOCK_CAPTURE_AUTORELEASING = YES;
				CLANG_WARN_BOOL_CONVERSION = YES;
				CLANG_WARN_COMMA = YES;
				CLANG_WARN_CONSTANT_CONVERSION = YES;
				CLANG_WARN_DEPRECATED_OBJC_IMPLEMENTATIONS = YES;
				CLANG_WARN_DIRECT_OBJC_ISA_USAGE = YES_ERROR;
				CLANG_WARN_DOCUMENTATION_COMMENTS = YES;
				CLANG_WARN_EMPTY_BODY = YES;
				CLANG_WARN_ENUM_CONVERSION = YES;
				CLANG_WARN_INFINITE_RECURSION = YES;
				CLANG_WARN_INT_CONVERSION = YES;
				CLANG_WARN_NON_LITERAL_NULL_CONVERSION = YES;
				CLANG_WARN_OBJC_IMPLICIT_RETAIN_SELF = YES;
				CLANG_WARN_OBJC_LITERAL_CONVERSION = YES;
				CLANG_WARN_OBJC_ROOT_CLASS = YES_ERROR;
				CLANG_WARN_QUOTED_INCLUDE_IN_FRAMEWORK_HEADER = YES;
				CLANG_WARN_RANGE_LOOP_ANALYSIS = YES;
				CLANG_WARN_STRICT_PROTOTYPES = YES;
				CLANG_WARN_SUSPICIOUS_MOVE = YES;
				CLANG_WARN_UNGUARDED_AVAILABILITY = YES_AGGRESSIVE;
				CLANG_WARN_UNREACHABLE_CODE = YES;
				CLANG_WARN__DUPLICATE_METHOD_MATCH = YES;
				COPY_PHASE_STRIP = NO;
				DEBUG_INFORMATION_FORMAT = "dwarf-with-dsym";
				ENABLE_NS_ASSERTIONS = NO;
				ENABLE_STRICT_OBJC_MSGSEND = YES;
				ENABLE_USER_SCRIPT_SANDBOXING = YES;
				GCC_C_LANGUAGE_STANDARD = gnu17;
				GCC_NO_COMMON_BLOCKS = YES;
				GCC_WARN_64_TO_32_BIT_CONVERSION = YES;
				GCC_WARN_ABOUT_RETURN_TYPE = YES_ERROR;
				GCC_WARN_UNDECLARED_SELECTOR = YES;
				GCC_WARN_UNINITIALIZED_AUTOS = YES_AGGRESSIVE;
				GCC_WARN_UNUSED_FUNCTION = YES;
				GCC_WARN_UNUSED_VARIABLE = YES;
				IPHONEOS_DEPLOYMENT_TARGET = 17.0;
				LOCALIZATION_PREFERS_STRING_CATALOGS = YES;
				MTL_ENABLE_DEBUG_INFO = NO;
				MTL_FAST_MATH = YES;
				SDKROOT = iphoneos;
				SWIFT_COMPILATION_MODE = wholemodule;
				VALIDATE_PRODUCT = YES;
			};
			name = Release;
		};
		3CB55F9E2AD77AF200383539 /* Debug */ = {
			isa = XCBuildConfiguration;
			buildSettings = {
				ASSETCATALOG_COMPILER_APPICON_NAME = AppIcon;
				ASSETCATALOG_COMPILER_GLOBAL_ACCENT_COLOR_NAME = AccentColor;
				CODE_SIGN_STYLE = Automatic;
				CURRENT_PROJECT_VERSION = 1;
				DEVELOPMENT_ASSET_PATHS = "\"Moonshot/Preview Content\"";
				ENABLE_PREVIEWS = YES;
				GENERATE_INFOPLIST_FILE = YES;
				INFOPLIST_KEY_UIApplicationSceneManifest_Generation = YES;
				INFOPLIST_KEY_UIApplicationSupportsIndirectInputEvents = YES;
				INFOPLIST_KEY_UILaunchScreen_Generation = YES;
				INFOPLIST_KEY_UISupportedInterfaceOrientations_iPad = "UIInterfaceOrientationPortrait UIInterfaceOrientationPortraitUpsideDown UIInterfaceOrientationLandscapeLeft UIInterfaceOrientationLandscapeRight";
				INFOPLIST_KEY_UISupportedInterfaceOrientations_iPhone = "UIInterfaceOrientationPortrait UIInterfaceOrientationLandscapeLeft UIInterfaceOrientationLandscapeRight";
				LD_RUNPATH_SEARCH_PATHS = (
					"$(inherited)",
					"@executable_path/Frameworks",
				);
				MARKETING_VERSION = 1.0;
				PRODUCT_BUNDLE_IDENTIFIER = com.king.Moonshot;
				PRODUCT_NAME = "$(TARGET_NAME)";
				SWIFT_EMIT_LOC_STRINGS = YES;
				SWIFT_VERSION = 5.0;
				TARGETED_DEVICE_FAMILY = "1,2";
			};
			name = Debug;
		};
		3CB55F9F2AD77AF200383539 /* Release */ = {
			isa = XCBuildConfiguration;
			buildSettings = {
				ASSETCATALOG_COMPILER_APPICON_NAME = AppIcon;
				ASSETCATALOG_COMPILER_GLOBAL_ACCENT_COLOR_NAME = AccentColor;
				CODE_SIGN_STYLE = Automatic;
				CURRENT_PROJECT_VERSION = 1;
				DEVELOPMENT_ASSET_PATHS = "\"Moonshot/Preview Content\"";
				ENABLE_PREVIEWS = YES;
				GENERATE_INFOPLIST_FILE = YES;
				INFOPLIST_KEY_UIApplicationSceneManifest_Generation = YES;
				INFOPLIST_KEY_UIApplicationSupportsIndirectInputEvents = YES;
				INFOPLIST_KEY_UILaunchScreen_Generation = YES;
				INFOPLIST_KEY_UISupportedInterfaceOrientations_iPad = "UIInterfaceOrientationPortrait UIInterfaceOrientationPortraitUpsideDown UIInterfaceOrientationLandscapeLeft UIInterfaceOrientationLandscapeRight";
				INFOPLIST_KEY_UISupportedInterfaceOrientations_iPhone = "UIInterfaceOrientationPortrait UIInterfaceOrientationLandscapeLeft UIInterfaceOrientationLandscapeRight";
				LD_RUNPATH_SEARCH_PATHS = (
					"$(inherited)",
					"@executable_path/Frameworks",
				);
				MARKETING_VERSION = 1.0;
				PRODUCT_BUNDLE_IDENTIFIER = com.king.Moonshot;
				PRODUCT_NAME = "$(TARGET_NAME)";
				SWIFT_EMIT_LOC_STRINGS = YES;
				SWIFT_VERSION = 5.0;
				TARGETED_DEVICE_FAMILY = "1,2";
			};
			name = Release;
		};
/* End XCBuildConfiguration section */

/* Begin XCConfigurationList section */
		3CB55F8A2AD77AF100383539 /* Build configuration list for PBXProject "Moonshot" */ = {
			isa = XCConfigurationList;
			buildConfigurations = (
				3CB55F9B2AD77AF200383539 /* Debug */,
				3CB55F9C2AD77AF200383539 /* Release */,
			);
			defaultConfigurationIsVisible = 0;
			defaultConfigurationName = Release;
		};
		3CB55F9D2AD77AF200383539 /* Build configuration list for PBXNativeTarget "Moonshot" */ = {
			isa = XCConfigurationList;
			buildConfigurations = (
				3CB55F9E2AD77AF200383539 /* Debug */,
				3CB55F9F2AD77AF200383539 /* Release */,
			);
			defaultConfigurationIsVisible = 0;
			defaultConfigurationName = Release;
		};
/* End XCConfigurationList section */
	};
	rootObject = 3CB55F872AD77AF100383539 /* Project object */;
}
